// !$*UTF8*$!
{
	archiveVersion = 1;
	classes = {
	};
	objectVersion = 56;
	objects = {

/* Begin PBXBuildFile section */
		671EAAA42C6726B7000E07E9 /* MainUserView.swift in Sources */ = {isa = PBXBuildFile; fileRef = 671EAAA32C6726B7000E07E9 /* MainUserView.swift */; };
		671EAAA62C672A98000E07E9 /* StateUserModel.swift in Sources */ = {isa = PBXBuildFile; fileRef = 671EAAA52C672A98000E07E9 /* StateUserModel.swift */; };
		671EAAA92C674213000E07E9 /* InputFoodCalorie.swift in Sources */ = {isa = PBXBuildFile; fileRef = 671EAAA82C674213000E07E9 /* InputFoodCalorie.swift */; };
		671EAAAC2C674469000E07E9 /* FirstPageView.swift in Sources */ = {isa = PBXBuildFile; fileRef = 671EAAAB2C674469000E07E9 /* FirstPageView.swift */; };
		671EAAAE2C67449B000E07E9 /* SecondPageView.swift in Sources */ = {isa = PBXBuildFile; fileRef = 671EAAAD2C67449B000E07E9 /* SecondPageView.swift */; };
		671EAAB02C6CD389000E07E9 /* CalendarView.swift in Sources */ = {isa = PBXBuildFile; fileRef = 671EAAAF2C6CD389000E07E9 /* CalendarView.swift */; };
		671EAAB22C6DCA47000E07E9 /* UserSetting.swift in Sources */ = {isa = PBXBuildFile; fileRef = 671EAAB12C6DCA47000E07E9 /* UserSetting.swift */; };
		67341E702C60726600808340 /* BibleProjectApp.swift in Sources */ = {isa = PBXBuildFile; fileRef = 67341E6F2C60726600808340 /* BibleProjectApp.swift */; };
		67341E722C60726600808340 /* ContentView.swift in Sources */ = {isa = PBXBuildFile; fileRef = 67341E712C60726600808340 /* ContentView.swift */; };
		67341E742C60726800808340 /* Assets.xcassets in Resources */ = {isa = PBXBuildFile; fileRef = 67341E732C60726800808340 /* Assets.xcassets */; };
		67341E772C60726800808340 /* Preview Assets.xcassets in Resources */ = {isa = PBXBuildFile; fileRef = 67341E762C60726800808340 /* Preview Assets.xcassets */; };
		67341E812C60726800808340 /* BibleProjectTests.swift in Sources */ = {isa = PBXBuildFile; fileRef = 67341E802C60726800808340 /* BibleProjectTests.swift */; };
		67341E8B2C60726800808340 /* BibleProjectUITests.swift in Sources */ = {isa = PBXBuildFile; fileRef = 67341E8A2C60726800808340 /* BibleProjectUITests.swift */; };
		67341E8D2C60726800808340 /* BibleProjectUITestsLaunchTests.swift in Sources */ = {isa = PBXBuildFile; fileRef = 67341E8C2C60726800808340 /* BibleProjectUITestsLaunchTests.swift */; };
		67341E9A2C60734100808340 /* UserInfo.swift in Sources */ = {isa = PBXBuildFile; fileRef = 67341E992C60734100808340 /* UserInfo.swift */; };
		67842D9D2C7858C600C2DC40 /* ImageBasicColor.swift in Sources */ = {isa = PBXBuildFile; fileRef = 67842D9C2C7858C600C2DC40 /* ImageBasicColor.swift */; };
/* End PBXBuildFile section */

/* Begin PBXContainerItemProxy section */
		67341E7D2C60726800808340 /* PBXContainerItemProxy */ = {
			isa = PBXContainerItemProxy;
			containerPortal = 67341E642C60726600808340 /* Project object */;
			proxyType = 1;
			remoteGlobalIDString = 67341E6B2C60726600808340;
			remoteInfo = BibleProject;
		};
		67341E872C60726800808340 /* PBXContainerItemProxy */ = {
			isa = PBXContainerItemProxy;
			containerPortal = 67341E642C60726600808340 /* Project object */;
			proxyType = 1;
			remoteGlobalIDString = 67341E6B2C60726600808340;
			remoteInfo = BibleProject;
		};
/* End PBXContainerItemProxy section */

/* Begin PBXFileReference section */
		671EAAA32C6726B7000E07E9 /* MainUserView.swift */ = {isa = PBXFileReference; lastKnownFileType = sourcecode.swift; path = MainUserView.swift; sourceTree = "<group>"; };
		671EAAA52C672A98000E07E9 /* StateUserModel.swift */ = {isa = PBXFileReference; lastKnownFileType = sourcecode.swift; path = StateUserModel.swift; sourceTree = "<group>"; };
		671EAAA82C674213000E07E9 /* InputFoodCalorie.swift */ = {isa = PBXFileReference; lastKnownFileType = sourcecode.swift; path = InputFoodCalorie.swift; sourceTree = "<group>"; };
		671EAAAB2C674469000E07E9 /* FirstPageView.swift */ = {isa = PBXFileReference; lastKnownFileType = sourcecode.swift; path = FirstPageView.swift; sourceTree = "<group>"; };
		671EAAAD2C67449B000E07E9 /* SecondPageView.swift */ = {isa = PBXFileReference; lastKnownFileType = sourcecode.swift; path = SecondPageView.swift; sourceTree = "<group>"; };
		671EAAAF2C6CD389000E07E9 /* CalendarView.swift */ = {isa = PBXFileReference; lastKnownFileType = sourcecode.swift; path = CalendarView.swift; sourceTree = "<group>"; };
		671EAAB12C6DCA47000E07E9 /* UserSetting.swift */ = {isa = PBXFileReference; lastKnownFileType = sourcecode.swift; path = UserSetting.swift; sourceTree = "<group>"; };
		67341E6C2C60726600808340 /* BibleProject.app */ = {isa = PBXFileReference; explicitFileType = wrapper.application; includeInIndex = 0; path = BibleProject.app; sourceTree = BUILT_PRODUCTS_DIR; };
		67341E6F2C60726600808340 /* BibleProjectApp.swift */ = {isa = PBXFileReference; lastKnownFileType = sourcecode.swift; path = BibleProjectApp.swift; sourceTree = "<group>"; };
		67341E712C60726600808340 /* ContentView.swift */ = {isa = PBXFileReference; lastKnownFileType = sourcecode.swift; path = ContentView.swift; sourceTree = "<group>"; };
		67341E732C60726800808340 /* Assets.xcassets */ = {isa = PBXFileReference; lastKnownFileType = folder.assetcatalog; path = Assets.xcassets; sourceTree = "<group>"; };
		67341E762C60726800808340 /* Preview Assets.xcassets */ = {isa = PBXFileReference; lastKnownFileType = folder.assetcatalog; path = "Preview Assets.xcassets"; sourceTree = "<group>"; };
		67341E7C2C60726800808340 /* BibleProjectTests.xctest */ = {isa = PBXFileReference; explicitFileType = wrapper.cfbundle; includeInIndex = 0; path = BibleProjectTests.xctest; sourceTree = BUILT_PRODUCTS_DIR; };
		67341E802C60726800808340 /* BibleProjectTests.swift */ = {isa = PBXFileReference; lastKnownFileType = sourcecode.swift; path = BibleProjectTests.swift; sourceTree = "<group>"; };
		67341E862C60726800808340 /* BibleProjectUITests.xctest */ = {isa = PBXFileReference; explicitFileType = wrapper.cfbundle; includeInIndex = 0; path = BibleProjectUITests.xctest; sourceTree = BUILT_PRODUCTS_DIR; };
		67341E8A2C60726800808340 /* BibleProjectUITests.swift */ = {isa = PBXFileReference; lastKnownFileType = sourcecode.swift; path = BibleProjectUITests.swift; sourceTree = "<group>"; };
		67341E8C2C60726800808340 /* BibleProjectUITestsLaunchTests.swift */ = {isa = PBXFileReference; lastKnownFileType = sourcecode.swift; path = BibleProjectUITestsLaunchTests.swift; sourceTree = "<group>"; };
		67341E992C60734100808340 /* UserInfo.swift */ = {isa = PBXFileReference; lastKnownFileType = sourcecode.swift; path = UserInfo.swift; sourceTree = "<group>"; };
		67842D9C2C7858C600C2DC40 /* ImageBasicColor.swift */ = {isa = PBXFileReference; lastKnownFileType = sourcecode.swift; path = ImageBasicColor.swift; sourceTree = "<group>"; };
/* End PBXFileReference section */

/* Begin PBXFrameworksBuildPhase section */
		67341E692C60726600808340 /* Frameworks */ = {
			isa = PBXFrameworksBuildPhase;
			buildActionMask = 2147483647;
			files = (
			);
			runOnlyForDeploymentPostprocessing = 0;
		};
		67341E792C60726800808340 /* Frameworks */ = {
			isa = PBXFrameworksBuildPhase;
			buildActionMask = 2147483647;
			files = (
			);
			runOnlyForDeploymentPostprocessing = 0;
		};
		67341E832C60726800808340 /* Frameworks */ = {
			isa = PBXFrameworksBuildPhase;
			buildActionMask = 2147483647;
			files = (
			);
			runOnlyForDeploymentPostprocessing = 0;
		};
/* End PBXFrameworksBuildPhase section */

/* Begin PBXGroup section */
		671EAAA72C672DB3000E07E9 /* Model */ = {
			isa = PBXGroup;
			children = (
				671EAAA52C672A98000E07E9 /* StateUserModel.swift */,
				67842D9C2C7858C600C2DC40 /* ImageBasicColor.swift */,
			);
			path = Model;
			sourceTree = "<group>";
		};
		671EAAAA2C674446000E07E9 /* mainPageView */ = {
			isa = PBXGroup;
			children = (
				671EAAAB2C674469000E07E9 /* FirstPageView.swift */,
				671EAAAD2C67449B000E07E9 /* SecondPageView.swift */,
			);
			path = mainPageView;
			sourceTree = "<group>";
		};
		67341E632C60726600808340 = {
			isa = PBXGroup;
			children = (
				67341E6E2C60726600808340 /* BibleProject */,
				67341E7F2C60726800808340 /* BibleProjectTests */,
				67341E892C60726800808340 /* BibleProjectUITests */,
				67341E6D2C60726600808340 /* Products */,
			);
			sourceTree = "<group>";
		};
		67341E6D2C60726600808340 /* Products */ = {
			isa = PBXGroup;
			children = (
				67341E6C2C60726600808340 /* BibleProject.app */,
				67341E7C2C60726800808340 /* BibleProjectTests.xctest */,
				67341E862C60726800808340 /* BibleProjectUITests.xctest */,
			);
			name = Products;
			sourceTree = "<group>";
		};
		67341E6E2C60726600808340 /* BibleProject */ = {
			isa = PBXGroup;
			children = (
				671EAAAA2C674446000E07E9 /* mainPageView */,
				671EAAA72C672DB3000E07E9 /* Model */,
				67341E9B2C60BBC700808340 /* User */,
				67341E6F2C60726600808340 /* BibleProjectApp.swift */,
				67341E712C60726600808340 /* ContentView.swift */,
				67341E732C60726800808340 /* Assets.xcassets */,
				67341E752C60726800808340 /* Preview Content */,
			);
			path = BibleProject;
			sourceTree = "<group>";
		};
		67341E752C60726800808340 /* Preview Content */ = {
			isa = PBXGroup;
			children = (
				67341E762C60726800808340 /* Preview Assets.xcassets */,
			);
			path = "Preview Content";
			sourceTree = "<group>";
		};
		67341E7F2C60726800808340 /* BibleProjectTests */ = {
			isa = PBXGroup;
			children = (
				67341E802C60726800808340 /* BibleProjectTests.swift */,
			);
			path = BibleProjectTests;
			sourceTree = "<group>";
		};
		67341E892C60726800808340 /* BibleProjectUITests */ = {
			isa = PBXGroup;
			children = (
				67341E8A2C60726800808340 /* BibleProjectUITests.swift */,
				67341E8C2C60726800808340 /* BibleProjectUITestsLaunchTests.swift */,
			);
			path = BibleProjectUITests;
			sourceTree = "<group>";
		};
		67341E9B2C60BBC700808340 /* User */ = {
			isa = PBXGroup;
			children = (
				67341E992C60734100808340 /* UserInfo.swift */,
				671EAAA32C6726B7000E07E9 /* MainUserView.swift */,
				671EAAA82C674213000E07E9 /* InputFoodCalorie.swift */,
				671EAAAF2C6CD389000E07E9 /* CalendarView.swift */,
				671EAAB12C6DCA47000E07E9 /* UserSetting.swift */,
			);
			path = User;
			sourceTree = "<group>";
		};
/* End PBXGroup section */

/* Begin PBXNativeTarget section */
		67341E6B2C60726600808340 /* BibleProject */ = {
			isa = PBXNativeTarget;
			buildConfigurationList = 67341E902C60726800808340 /* Build configuration list for PBXNativeTarget "BibleProject" */;
			buildPhases = (
				67341E682C60726600808340 /* Sources */,
				67341E692C60726600808340 /* Frameworks */,
				67341E6A2C60726600808340 /* Resources */,
			);
			buildRules = (
			);
			dependencies = (
			);
			name = BibleProject;
			productName = BibleProject;
			productReference = 67341E6C2C60726600808340 /* BibleProject.app */;
			productType = "com.apple.product-type.application";
		};
		67341E7B2C60726800808340 /* BibleProjectTests */ = {
			isa = PBXNativeTarget;
			buildConfigurationList = 67341E932C60726800808340 /* Build configuration list for PBXNativeTarget "BibleProjectTests" */;
			buildPhases = (
				67341E782C60726800808340 /* Sources */,
				67341E792C60726800808340 /* Frameworks */,
				67341E7A2C60726800808340 /* Resources */,
			);
			buildRules = (
			);
			dependencies = (
				67341E7E2C60726800808340 /* PBXTargetDependency */,
			);
			name = BibleProjectTests;
			productName = BibleProjectTests;
			productReference = 67341E7C2C60726800808340 /* BibleProjectTests.xctest */;
			productType = "com.apple.product-type.bundle.unit-test";
		};
		67341E852C60726800808340 /* BibleProjectUITests */ = {
			isa = PBXNativeTarget;
			buildConfigurationList = 67341E962C60726800808340 /* Build configuration list for PBXNativeTarget "BibleProjectUITests" */;
			buildPhases = (
				67341E822C60726800808340 /* Sources */,
				67341E832C60726800808340 /* Frameworks */,
				67341E842C60726800808340 /* Resources */,
			);
			buildRules = (
			);
			dependencies = (
				67341E882C60726800808340 /* PBXTargetDependency */,
			);
			name = BibleProjectUITests;
			productName = BibleProjectUITests;
			productReference = 67341E862C60726800808340 /* BibleProjectUITests.xctest */;
			productType = "com.apple.product-type.bundle.ui-testing";
		};
/* End PBXNativeTarget section */

/* Begin PBXProject section */
		67341E642C60726600808340 /* Project object */ = {
			isa = PBXProject;
			attributes = {
				BuildIndependentTargetsInParallel = 1;
				LastSwiftUpdateCheck = 1540;
				LastUpgradeCheck = 1540;
				TargetAttributes = {
					67341E6B2C60726600808340 = {
						CreatedOnToolsVersion = 15.4;
					};
					67341E7B2C60726800808340 = {
						CreatedOnToolsVersion = 15.4;
						TestTargetID = 67341E6B2C60726600808340;
					};
					67341E852C60726800808340 = {
						CreatedOnToolsVersion = 15.4;
						TestTargetID = 67341E6B2C60726600808340;
					};
				};
			};
			buildConfigurationList = 67341E672C60726600808340 /* Build configuration list for PBXProject "BibleProject" */;
			compatibilityVersion = "Xcode 14.0";
			developmentRegion = en;
			hasScannedForEncodings = 0;
			knownRegions = (
				en,
				Base,
			);
			mainGroup = 67341E632C60726600808340;
			productRefGroup = 67341E6D2C60726600808340 /* Products */;
			projectDirPath = "";
			projectRoot = "";
			targets = (
				67341E6B2C60726600808340 /* BibleProject */,
				67341E7B2C60726800808340 /* BibleProjectTests */,
				67341E852C60726800808340 /* BibleProjectUITests */,
			);
		};
/* End PBXProject section */

/* Begin PBXResourcesBuildPhase section */
		67341E6A2C60726600808340 /* Resources */ = {
			isa = PBXResourcesBuildPhase;
			buildActionMask = 2147483647;
			files = (
				67341E772C60726800808340 /* Preview Assets.xcassets in Resources */,
				67341E742C60726800808340 /* Assets.xcassets in Resources */,
			);
			runOnlyForDeploymentPostprocessing = 0;
		};
		67341E7A2C60726800808340 /* Resources */ = {
			isa = PBXResourcesBuildPhase;
			buildActionMask = 2147483647;
			files = (
			);
			runOnlyForDeploymentPostprocessing = 0;
		};
		67341E842C60726800808340 /* Resources */ = {
			isa = PBXResourcesBuildPhase;
			buildActionMask = 2147483647;
			files = (
			);
			runOnlyForDeploymentPostprocessing = 0;
		};
/* End PBXResourcesBuildPhase section */

/* Begin PBXSourcesBuildPhase section */
		67341E682C60726600808340 /* Sources */ = {
			isa = PBXSourcesBuildPhase;
			buildActionMask = 2147483647;
			files = (
				671EAAAC2C674469000E07E9 /* FirstPageView.swift in Sources */,
				671EAAA62C672A98000E07E9 /* StateUserModel.swift in Sources */,
				671EAAA42C6726B7000E07E9 /* MainUserView.swift in Sources */,
				671EAAB22C6DCA47000E07E9 /* UserSetting.swift in Sources */,
				671EAAAE2C67449B000E07E9 /* SecondPageView.swift in Sources */,
				67341E722C60726600808340 /* ContentView.swift in Sources */,
				671EAAB02C6CD389000E07E9 /* CalendarView.swift in Sources */,
				67842D9D2C7858C600C2DC40 /* ImageBasicColor.swift in Sources */,
				67341E9A2C60734100808340 /* UserInfo.swift in Sources */,
				671EAAA92C674213000E07E9 /* InputFoodCalorie.swift in Sources */,
				67341E702C60726600808340 /* BibleProjectApp.swift in Sources */,
			);
			runOnlyForDeploymentPostprocessing = 0;
		};
		67341E782C60726800808340 /* Sources */ = {
			isa = PBXSourcesBuildPhase;
			buildActionMask = 2147483647;
			files = (
				67341E812C60726800808340 /* BibleProjectTests.swift in Sources */,
			);
			runOnlyForDeploymentPostprocessing = 0;
		};
		67341E822C60726800808340 /* Sources */ = {
			isa = PBXSourcesBuildPhase;
			buildActionMask = 2147483647;
			files = (
				67341E8B2C60726800808340 /* BibleProjectUITests.swift in Sources */,
				67341E8D2C60726800808340 /* BibleProjectUITestsLaunchTests.swift in Sources */,
			);
			runOnlyForDeploymentPostprocessing = 0;
		};
/* End PBXSourcesBuildPhase section */

/* Begin PBXTargetDependency section */
		67341E7E2C60726800808340 /* PBXTargetDependency */ = {
			isa = PBXTargetDependency;
			target = 67341E6B2C60726600808340 /* BibleProject */;
			targetProxy = 67341E7D2C60726800808340 /* PBXContainerItemProxy */;
		};
		67341E882C60726800808340 /* PBXTargetDependency */ = {
			isa = PBXTargetDependency;
			target = 67341E6B2C60726600808340 /* BibleProject */;
			targetProxy = 67341E872C60726800808340 /* PBXContainerItemProxy */;
		};
/* End PBXTargetDependency section */

/* Begin XCBuildConfiguration section */
		67341E8E2C60726800808340 /* Debug */ = {
			isa = XCBuildConfiguration;
			buildSettings = {
				ALWAYS_SEARCH_USER_PATHS = NO;
				ASSETCATALOG_COMPILER_GENERATE_SWIFT_ASSET_SYMBOL_EXTENSIONS = YES;
				CLANG_ANALYZER_NONNULL = YES;
				CLANG_ANALYZER_NUMBER_OBJECT_CONVERSION = YES_AGGRESSIVE;
				CLANG_CXX_LANGUAGE_STANDARD = "gnu++20";
				CLANG_ENABLE_MODULES = YES;
				CLANG_ENABLE_OBJC_ARC = YES;
				CLANG_ENABLE_OBJC_WEAK = YES;
				CLANG_WARN_BLOCK_CAPTURE_AUTORELEASING = YES;
				CLANG_WARN_BOOL_CONVERSION = YES;
				CLANG_WARN_COMMA = YES;
				CLANG_WARN_CONSTANT_CONVERSION = YES;
				CLANG_WARN_DEPRECATED_OBJC_IMPLEMENTATIONS = YES;
				CLANG_WARN_DIRECT_OBJC_ISA_USAGE = YES_ERROR;
				CLANG_WARN_DOCUMENTATION_COMMENTS = YES;
				CLANG_WARN_EMPTY_BODY = YES;
				CLANG_WARN_ENUM_CONVERSION = YES;
				CLANG_WARN_INFINITE_RECURSION = YES;
				CLANG_WARN_INT_CONVERSION = YES;
				CLANG_WARN_NON_LITERAL_NULL_CONVERSION = YES;
				CLANG_WARN_OBJC_IMPLICIT_RETAIN_SELF = YES;
				CLANG_WARN_OBJC_LITERAL_CONVERSION = YES;
				CLANG_WARN_OBJC_ROOT_CLASS = YES_ERROR;
				CLANG_WARN_QUOTED_INCLUDE_IN_FRAMEWORK_HEADER = YES;
				CLANG_WARN_RANGE_LOOP_ANALYSIS = YES;
				CLANG_WARN_STRICT_PROTOTYPES = YES;
				CLANG_WARN_SUSPICIOUS_MOVE = YES;
				CLANG_WARN_UNGUARDED_AVAILABILITY = YES_AGGRESSIVE;
				CLANG_WARN_UNREACHABLE_CODE = YES;
				CLANG_WARN__DUPLICATE_METHOD_MATCH = YES;
				COPY_PHASE_STRIP = NO;
				DEBUG_INFORMATION_FORMAT = dwarf;
				ENABLE_STRICT_OBJC_MSGSEND = YES;
				ENABLE_TESTABILITY = YES;
				ENABLE_USER_SCRIPT_SANDBOXING = YES;
				GCC_C_LANGUAGE_STANDARD = gnu17;
				GCC_DYNAMIC_NO_PIC = NO;
				GCC_NO_COMMON_BLOCKS = YES;
				GCC_OPTIMIZATION_LEVEL = 0;
				GCC_PREPROCESSOR_DEFINITIONS = (
					"DEBUG=1",
					"$(inherited)",
				);
				GCC_WARN_64_TO_32_BIT_CONVERSION = YES;
				GCC_WARN_ABOUT_RETURN_TYPE = YES_ERROR;
				GCC_WARN_UNDECLARED_SELECTOR = YES;
				GCC_WARN_UNINITIALIZED_AUTOS = YES_AGGRESSIVE;
				GCC_WARN_UNUSED_FUNCTION = YES;
				GCC_WARN_UNUSED_VARIABLE = YES;
				IPHONEOS_DEPLOYMENT_TARGET = 17.5;
				LOCALIZATION_PREFERS_STRING_CATALOGS = YES;
				MTL_ENABLE_DEBUG_INFO = INCLUDE_SOURCE;
				MTL_FAST_MATH = YES;
				ONLY_ACTIVE_ARCH = YES;
				SDKROOT = iphoneos;
				SWIFT_ACTIVE_COMPILATION_CONDITIONS = "DEBUG $(inherited)";
				SWIFT_OPTIMIZATION_LEVEL = "-Onone";
			};
			name = Debug;
		};
		67341E8F2C60726800808340 /* Release */ = {
			isa = XCBuildConfiguration;
			buildSettings = {
				ALWAYS_SEARCH_USER_PATHS = NO;
				ASSETCATALOG_COMPILER_GENERATE_SWIFT_ASSET_SYMBOL_EXTENSIONS = YES;
				CLANG_ANALYZER_NONNULL = YES;
				CLANG_ANALYZER_NUMBER_OBJECT_CONVERSION = YES_AGGRESSIVE;
				CLANG_CXX_LANGUAGE_STANDARD = "gnu++20";
				CLANG_ENABLE_MODULES = YES;
				CLANG_ENABLE_OBJC_ARC = YES;
				CLANG_ENABLE_OBJC_WEAK = YES;
				CLANG_WARN_BLOCK_CAPTURE_AUTORELEASING = YES;
				CLANG_WARN_BOOL_CONVERSION = YES;
				CLANG_WARN_COMMA = YES;
				CLANG_WARN_CONSTANT_CONVERSION = YES;
				CLANG_WARN_DEPRECATED_OBJC_IMPLEMENTATIONS = YES;
				CLANG_WARN_DIRECT_OBJC_ISA_USAGE = YES_ERROR;
				CLANG_WARN_DOCUMENTATION_COMMENTS = YES;
				CLANG_WARN_EMPTY_BODY = YES;
				CLANG_WARN_ENUM_CONVERSION = YES;
				CLANG_WARN_INFINITE_RECURSION = YES;
				CLANG_WARN_INT_CONVERSION = YES;
				CLANG_WARN_NON_LITERAL_NULL_CONVERSION = YES;
				CLANG_WARN_OBJC_IMPLICIT_RETAIN_SELF = YES;
				CLANG_WARN_OBJC_LITERAL_CONVERSION = YES;
				CLANG_WARN_OBJC_ROOT_CLASS = YES_ERROR;
				CLANG_WARN_QUOTED_INCLUDE_IN_FRAMEWORK_HEADER = YES;
				CLANG_WARN_RANGE_LOOP_ANALYSIS = YES;
				CLANG_WARN_STRICT_PROTOTYPES = YES;
				CLANG_WARN_SUSPICIOUS_MOVE = YES;
				CLANG_WARN_UNGUARDED_AVAILABILITY = YES_AGGRESSIVE;
				CLANG_WARN_UNREACHABLE_CODE = YES;
				CLANG_WARN__DUPLICATE_METHOD_MATCH = YES;
				COPY_PHASE_STRIP = NO;
				DEBUG_INFORMATION_FORMAT = "dwarf-with-dsym";
				ENABLE_NS_ASSERTIONS = NO;
				ENABLE_STRICT_OBJC_MSGSEND = YES;
				ENABLE_USER_SCRIPT_SANDBOXING = YES;
				GCC_C_LANGUAGE_STANDARD = gnu17;
				GCC_NO_COMMON_BLOCKS = YES;
				GCC_WARN_64_TO_32_BIT_CONVERSION = YES;
				GCC_WARN_ABOUT_RETURN_TYPE = YES_ERROR;
				GCC_WARN_UNDECLARED_SELECTOR = YES;
				GCC_WARN_UNINITIALIZED_AUTOS = YES_AGGRESSIVE;
				GCC_WARN_UNUSED_FUNCTION = YES;
				GCC_WARN_UNUSED_VARIABLE = YES;
				IPHONEOS_DEPLOYMENT_TARGET = 17.5;
				LOCALIZATION_PREFERS_STRING_CATALOGS = YES;
				MTL_ENABLE_DEBUG_INFO = NO;
				MTL_FAST_MATH = YES;
				SDKROOT = iphoneos;
				SWIFT_COMPILATION_MODE = wholemodule;
				VALIDATE_PRODUCT = YES;
			};
			name = Release;
		};
		67341E912C60726800808340 /* Debug */ = {
			isa = XCBuildConfiguration;
			buildSettings = {
				ASSETCATALOG_COMPILER_APPICON_NAME = AppIcon;
				ASSETCATALOG_COMPILER_GLOBAL_ACCENT_COLOR_NAME = AccentColor;
				CODE_SIGN_STYLE = Automatic;
				CURRENT_PROJECT_VERSION = 1;
				DEVELOPMENT_ASSET_PATHS = "\"BibleProject/Preview Content\"";
				DEVELOPMENT_TEAM = U84KVP7AF4;
				ENABLE_PREVIEWS = YES;
				GENERATE_INFOPLIST_FILE = YES;
				INFOPLIST_KEY_UIApplicationSceneManifest_Generation = YES;
				INFOPLIST_KEY_UIApplicationSupportsIndirectInputEvents = YES;
				INFOPLIST_KEY_UILaunchScreen_Generation = YES;
				INFOPLIST_KEY_UISupportedInterfaceOrientations_iPad = "UIInterfaceOrientationPortrait UIInterfaceOrientationPortraitUpsideDown UIInterfaceOrientationLandscapeLeft UIInterfaceOrientationLandscapeRight";
				INFOPLIST_KEY_UISupportedInterfaceOrientations_iPhone = "UIInterfaceOrientationPortrait UIInterfaceOrientationLandscapeLeft UIInterfaceOrientationLandscapeRight";
				INFOPLIST_KEY_UIUserInterfaceStyle = Light;
				LD_RUNPATH_SEARCH_PATHS = (
					"$(inherited)",
					"@executable_path/Frameworks",
				);
				MARKETING_VERSION = 1.0;
				PRODUCT_BUNDLE_IDENTIFIER = BibleProject.BibleProject;
				PRODUCT_NAME = "$(TARGET_NAME)";
				SWIFT_EMIT_LOC_STRINGS = YES;
				SWIFT_VERSION = 5.0;
				TARGETED_DEVICE_FAMILY = "1,2";
			};
			name = Debug;
		};
		67341E922C60726800808340 /* Release */ = {
			isa = XCBuildConfiguration;
			buildSettings = {
				ASSETCATALOG_COMPILER_APPICON_NAME = AppIcon;
				ASSETCATALOG_COMPILER_GLOBAL_ACCENT_COLOR_NAME = AccentColor;
				CODE_SIGN_STYLE = Automatic;
				CURRENT_PROJECT_VERSION = 1;
				DEVELOPMENT_ASSET_PATHS = "\"BibleProject/Preview Content\"";
				DEVELOPMENT_TEAM = U84KVP7AF4;
				ENABLE_PREVIEWS = YES;
				GENERATE_INFOPLIST_FILE = YES;
				INFOPLIST_KEY_UIApplicationSceneManifest_Generation = YES;
				INFOPLIST_KEY_UIApplicationSupportsIndirectInputEvents = YES;
				INFOPLIST_KEY_UILaunchScreen_Generation = YES;
				INFOPLIST_KEY_UISupportedInterfaceOrientations_iPad = "UIInterfaceOrientationPortrait UIInterfaceOrientationPortraitUpsideDown UIInterfaceOrientationLandscapeLeft UIInterfaceOrientationLandscapeRight";
				INFOPLIST_KEY_UISupportedInterfaceOrientations_iPhone = "UIInterfaceOrientationPortrait UIInterfaceOrientationLandscapeLeft UIInterfaceOrientationLandscapeRight";
				INFOPLIST_KEY_UIUserInterfaceStyle = Light;
				LD_RUNPATH_SEARCH_PATHS = (
					"$(inherited)",
					"@executable_path/Frameworks",
				);
				MARKETING_VERSION = 1.0;
				PRODUCT_BUNDLE_IDENTIFIER = BibleProject.BibleProject;
				PRODUCT_NAME = "$(TARGET_NAME)";
				SWIFT_EMIT_LOC_STRINGS = YES;
				SWIFT_VERSION = 5.0;
				TARGETED_DEVICE_FAMILY = "1,2";
			};
			name = Release;
		};
		67341E942C60726800808340 /* Debug */ = {
			isa = XCBuildConfiguration;
			buildSettings = {
				ALWAYS_EMBED_SWIFT_STANDARD_LIBRARIES = YES;
				BUNDLE_LOADER = "$(TEST_HOST)";
				CODE_SIGN_STYLE = Automatic;
				CURRENT_PROJECT_VERSION = 1;
				GENERATE_INFOPLIST_FILE = YES;
				IPHONEOS_DEPLOYMENT_TARGET = 17.5;
				MARKETING_VERSION = 1.0;
				PRODUCT_BUNDLE_IDENTIFIER = BibleProject.BibleProjectTests;
				PRODUCT_NAME = "$(TARGET_NAME)";
				SWIFT_EMIT_LOC_STRINGS = NO;
				SWIFT_VERSION = 5.0;
				TARGETED_DEVICE_FAMILY = "1,2";
				TEST_HOST = "$(BUILT_PRODUCTS_DIR)/BibleProject.app/$(BUNDLE_EXECUTABLE_FOLDER_PATH)/BibleProject";
			};
			name = Debug;
		};
		67341E952C60726800808340 /* Release */ = {
			isa = XCBuildConfiguration;
			buildSettings = {
				ALWAYS_EMBED_SWIFT_STANDARD_LIBRARIES = YES;
				BUNDLE_LOADER = "$(TEST_HOST)";
				CODE_SIGN_STYLE = Automatic;
				CURRENT_PROJECT_VERSION = 1;
				GENERATE_INFOPLIST_FILE = YES;
				IPHONEOS_DEPLOYMENT_TARGET = 17.5;
				MARKETING_VERSION = 1.0;
				PRODUCT_BUNDLE_IDENTIFIER = BibleProject.BibleProjectTests;
				PRODUCT_NAME = "$(TARGET_NAME)";
				SWIFT_EMIT_LOC_STRINGS = NO;
				SWIFT_VERSION = 5.0;
				TARGETED_DEVICE_FAMILY = "1,2";
				TEST_HOST = "$(BUILT_PRODUCTS_DIR)/BibleProject.app/$(BUNDLE_EXECUTABLE_FOLDER_PATH)/BibleProject";
			};
			name = Release;
		};
		67341E972C60726800808340 /* Debug */ = {
			isa = XCBuildConfiguration;
			buildSettings = {
				ALWAYS_EMBED_SWIFT_STANDARD_LIBRARIES = YES;
				CODE_SIGN_STYLE = Automatic;
				CURRENT_PROJECT_VERSION = 1;
				GENERATE_INFOPLIST_FILE = YES;
				MARKETING_VERSION = 1.0;
				PRODUCT_BUNDLE_IDENTIFIER = BibleProject.BibleProjectUITests;
				PRODUCT_NAME = "$(TARGET_NAME)";
				SWIFT_EMIT_LOC_STRINGS = NO;
				SWIFT_VERSION = 5.0;
				TARGETED_DEVICE_FAMILY = "1,2";
				TEST_TARGET_NAME = BibleProject;
			};
			name = Debug;
		};
		67341E982C60726800808340 /* Release */ = {
			isa = XCBuildConfiguration;
			buildSettings = {
				ALWAYS_EMBED_SWIFT_STANDARD_LIBRARIES = YES;
				CODE_SIGN_STYLE = Automatic;
				CURRENT_PROJECT_VERSION = 1;
				GENERATE_INFOPLIST_FILE = YES;
				MARKETING_VERSION = 1.0;
				PRODUCT_BUNDLE_IDENTIFIER = BibleProject.BibleProjectUITests;
				PRODUCT_NAME = "$(TARGET_NAME)";
				SWIFT_EMIT_LOC_STRINGS = NO;
				SWIFT_VERSION = 5.0;
				TARGETED_DEVICE_FAMILY = "1,2";
				TEST_TARGET_NAME = BibleProject;
			};
			name = Release;
		};
/* End XCBuildConfiguration section */

/* Begin XCConfigurationList section */
		67341E672C60726600808340 /* Build configuration list for PBXProject "BibleProject" */ = {
			isa = XCConfigurationList;
			buildConfigurations = (
				67341E8E2C60726800808340 /* Debug */,
				67341E8F2C60726800808340 /* Release */,
			);
			defaultConfigurationIsVisible = 0;
			defaultConfigurationName = Release;
		};
		67341E902C60726800808340 /* Build configuration list for PBXNativeTarget "BibleProject" */ = {
			isa = XCConfigurationList;
			buildConfigurations = (
				67341E912C60726800808340 /* Debug */,
				67341E922C60726800808340 /* Release */,
			);
			defaultConfigurationIsVisible = 0;
			defaultConfigurationName = Release;
		};
		67341E932C60726800808340 /* Build configuration list for PBXNativeTarget "BibleProjectTests" */ = {
			isa = XCConfigurationList;
			buildConfigurations = (
				67341E942C60726800808340 /* Debug */,
				67341E952C60726800808340 /* Release */,
			);
			defaultConfigurationIsVisible = 0;
			defaultConfigurationName = Release;
		};
		67341E962C60726800808340 /* Build configuration list for PBXNativeTarget "BibleProjectUITests" */ = {
			isa = XCConfigurationList;
			buildConfigurations = (
				67341E972C60726800808340 /* Debug */,
				67341E982C60726800808340 /* Release */,
			);
			defaultConfigurationIsVisible = 0;
			defaultConfigurationName = Release;
		};
/* End XCConfigurationList section */
	};
	rootObject = 67341E642C60726600808340 /* Project object */;
}
